
Microsoft Visual Studio Solution File, Format Version 12.00
# Visual Studio 15
VisualStudioVersion = 15.0.27130.2010
MinimumVisualStudioVersion = 10.0.40219.1
Project("{888888A0-9F3D-457C-B088-3A5042F75D52}") = "有限元数值积分", "有限元数值积分\有限元数值积分.pyproj", "{918B066F-D987-4213-84F0-A02464E241A2}"
EndProject
Global
	GlobalSection(SolutionConfigurationPlatforms) = preSolution
		Debug|Any CPU = Debug|Any CPU
		Release|Any CPU = Release|Any CPU
	EndGlobalSection
	GlobalSection(ProjectConfigurationPlatforms) = postSolution
		{918B066F-D987-4213-84F0-A02464E241A2}.Debug|Any CPU.ActiveCfg = Debug|Any CPU
		{918B066F-D987-4213-84F0-A02464E241A2}.Release|Any CPU.ActiveCfg = Release|Any CPU
	EndGlobalSection
	GlobalSection(SolutionProperties) = preSolution
		HideSolutionNode = FALSE
	EndGlobalSection
	GlobalSection(ExtensibilityGlobals) = postSolution
		SolutionGuid = {D61ECD65-87AD-430B-8F15-D11C4EC064CC}
	EndGlobalSection
EndGlobal
